// !$*UTF8*$!
{
	archiveVersion = 1;
	classes = {
	};
	objectVersion = 46;
	objects = {

/* Begin PBXBuildFile section */
		DCCD06F61A53372600B11EBB /* AppDelegate.swift in Sources */ = {isa = PBXBuildFile; fileRef = DCCD06F51A53372600B11EBB /* AppDelegate.swift */; };
		DCCD06F91A53372600B11EBB /* USBHerzchirurgie.xcdatamodeld in Sources */ = {isa = PBXBuildFile; fileRef = DCCD06F71A53372600B11EBB /* USBHerzchirurgie.xcdatamodeld */; };
		DCCD06FB1A53372600B11EBB /* ViewController.swift in Sources */ = {isa = PBXBuildFile; fileRef = DCCD06FA1A53372600B11EBB /* ViewController.swift */; };
		DCCD06FE1A53372600B11EBB /* Main.storyboard in Resources */ = {isa = PBXBuildFile; fileRef = DCCD06FC1A53372600B11EBB /* Main.storyboard */; };
		DCCD07001A53372600B11EBB /* Images.xcassets in Resources */ = {isa = PBXBuildFile; fileRef = DCCD06FF1A53372600B11EBB /* Images.xcassets */; };
		DCCD07031A53372600B11EBB /* LaunchScreen.xib in Resources */ = {isa = PBXBuildFile; fileRef = DCCD07011A53372600B11EBB /* LaunchScreen.xib */; };
		DCCD070F1A53372600B11EBB /* USBHerzchirurgieTests.swift in Sources */ = {isa = PBXBuildFile; fileRef = DCCD070E1A53372600B11EBB /* USBHerzchirurgieTests.swift */; };
		DCCD07191A5339F600B11EBB /* FrontPageTableViewController.swift in Sources */ = {isa = PBXBuildFile; fileRef = DCCD07181A5339F600B11EBB /* FrontPageTableViewController.swift */; };
		DCCD071D1A533A5400B11EBB /* DienstplanTableViewController.swift in Sources */ = {isa = PBXBuildFile; fileRef = DCCD071C1A533A5300B11EBB /* DienstplanTableViewController.swift */; };
		DCCD071F1A533A8D00B11EBB /* AufnahmeWebViewController.swift in Sources */ = {isa = PBXBuildFile; fileRef = DCCD071E1A533A8D00B11EBB /* AufnahmeWebViewController.swift */; };
		DCCD07211A533AA600B11EBB /* FAQWebViewController.swift in Sources */ = {isa = PBXBuildFile; fileRef = DCCD07201A533AA600B11EBB /* FAQWebViewController.swift */; };
		DCCD07231A533ACC00B11EBB /* ComposeNewsViewController.swift in Sources */ = {isa = PBXBuildFile; fileRef = DCCD07221A533ACC00B11EBB /* ComposeNewsViewController.swift */; };
		DCCD07251A533B0500B11EBB /* SideBar.swift in Sources */ = {isa = PBXBuildFile; fileRef = DCCD07241A533B0500B11EBB /* SideBar.swift */; };
		DCCD07271A533B2500B11EBB /* SideBarTableViewController.swift in Sources */ = {isa = PBXBuildFile; fileRef = DCCD07261A533B2500B11EBB /* SideBarTableViewController.swift */; };
		DCCD07291A533B5200B11EBB /* DienstplanTableViewCell.swift in Sources */ = {isa = PBXBuildFile; fileRef = DCCD07281A533B5200B11EBB /* DienstplanTableViewCell.swift */; };
		DCCD072B1A533B6900B11EBB /* NewsTableViewCell.swift in Sources */ = {isa = PBXBuildFile; fileRef = DCCD072A1A533B6900B11EBB /* NewsTableViewCell.swift */; };
		DCCD07301A533EEF00B11EBB /* create_new-32.png in Resources */ = {isa = PBXBuildFile; fileRef = DCCD072C1A533EEF00B11EBB /* create_new-32.png */; };
		DCCD07311A533EEF00B11EBB /* edit_file-32.png in Resources */ = {isa = PBXBuildFile; fileRef = DCCD072D1A533EEF00B11EBB /* edit_file-32.png */; };
		DCCD07321A533EEF00B11EBB /* menu-32.png in Resources */ = {isa = PBXBuildFile; fileRef = DCCD072E1A533EEF00B11EBB /* menu-32.png */; };
		DCCD07331A533EEF00B11EBB /* schedule.png in Resources */ = {isa = PBXBuildFile; fileRef = DCCD072F1A533EEF00B11EBB /* schedule.png */; };
		DCCD07351A534DF200B11EBB /* AudioToolbox.framework in Frameworks */ = {isa = PBXBuildFile; fileRef = DCCD07341A534DF200B11EBB /* AudioToolbox.framework */; };
		DCCD07371A534E0600B11EBB /* CFNetwork.framework in Frameworks */ = {isa = PBXBuildFile; fileRef = DCCD07361A534E0600B11EBB /* CFNetwork.framework */; };
		DCCD07391A534E1900B11EBB /* CoreGraphics.framework in Frameworks */ = {isa = PBXBuildFile; fileRef = DCCD07381A534E1900B11EBB /* CoreGraphics.framework */; };
		DCCD073B1A534E3200B11EBB /* CoreLocation.framework in Frameworks */ = {isa = PBXBuildFile; fileRef = DCCD073A1A534E3200B11EBB /* CoreLocation.framework */; };
		DCCD073D1A534E4500B11EBB /* MobileCoreServices.framework in Frameworks */ = {isa = PBXBuildFile; fileRef = DCCD073C1A534E4500B11EBB /* MobileCoreServices.framework */; };
		DCCD073F1A534E5B00B11EBB /* QuartzCore.framework in Frameworks */ = {isa = PBXBuildFile; fileRef = DCCD073E1A534E5B00B11EBB /* QuartzCore.framework */; };
		DCCD07411A534E7200B11EBB /* Security.framework in Frameworks */ = {isa = PBXBuildFile; fileRef = DCCD07401A534E7200B11EBB /* Security.framework */; };
		DCCD07431A534E8300B11EBB /* StoreKit.framework in Frameworks */ = {isa = PBXBuildFile; fileRef = DCCD07421A534E8300B11EBB /* StoreKit.framework */; };
		DCCD07451A534E9700B11EBB /* SystemConfiguration.framework in Frameworks */ = {isa = PBXBuildFile; fileRef = DCCD07441A534E9700B11EBB /* SystemConfiguration.framework */; };
		DCCD07471A534EAC00B11EBB /* libsqlite3.dylib in Frameworks */ = {isa = PBXBuildFile; fileRef = DCCD07461A534EAC00B11EBB /* libsqlite3.dylib */; };
		DCCD07491A534EC200B11EBB /* libz.dylib in Frameworks */ = {isa = PBXBuildFile; fileRef = DCCD07481A534EC200B11EBB /* libz.dylib */; };
		DCCD074F1A534F1200B11EBB /* Bolts.framework in Frameworks */ = {isa = PBXBuildFile; fileRef = DCCD074A1A534F1200B11EBB /* Bolts.framework */; };
		DCCD07501A534F1200B11EBB /* Parse.framework in Frameworks */ = {isa = PBXBuildFile; fileRef = DCCD074B1A534F1200B11EBB /* Parse.framework */; };
		DCCD07511A534F1200B11EBB /* ParseCrashReporting.framework in Frameworks */ = {isa = PBXBuildFile; fileRef = DCCD074C1A534F1200B11EBB /* ParseCrashReporting.framework */; };
		DCCD07521A534F1200B11EBB /* ParseFacebookUtils.framework in Frameworks */ = {isa = PBXBuildFile; fileRef = DCCD074D1A534F1200B11EBB /* ParseFacebookUtils.framework */; };
		DCCD07531A534F1200B11EBB /* ParseUI.framework in Frameworks */ = {isa = PBXBuildFile; fileRef = DCCD074E1A534F1200B11EBB /* ParseUI.framework */; };
		DCCD07591A53728300B11EBB /* NewsWebViewController.swift in Sources */ = {isa = PBXBuildFile; fileRef = DCCD07581A53728300B11EBB /* NewsWebViewController.swift */; };
		DCEA5B3B1A54AA520054C988 /* sounds-1046-et-voila.mp3 in Resources */ = {isa = PBXBuildFile; fileRef = DCEA5B3A1A54AA520054C988 /* sounds-1046-et-voila.mp3 */; };
/* End PBXBuildFile section */

/* Begin PBXContainerItemProxy section */
		DCCD07091A53372600B11EBB /* PBXContainerItemProxy */ = {
			isa = PBXContainerItemProxy;
			containerPortal = DCCD06E81A53372600B11EBB /* Project object */;
			proxyType = 1;
			remoteGlobalIDString = DCCD06EF1A53372600B11EBB;
			remoteInfo = USBHerzchirurgie;
		};
/* End PBXContainerItemProxy section */

/* Begin PBXFileReference section */
		DCCD06F01A53372600B11EBB /* USBHerzchirurgie.app */ = {isa = PBXFileReference; explicitFileType = wrapper.application; includeInIndex = 0; path = USBHerzchirurgie.app; sourceTree = BUILT_PRODUCTS_DIR; };
		DCCD06F41A53372600B11EBB /* Info.plist */ = {isa = PBXFileReference; lastKnownFileType = text.plist.xml; path = Info.plist; sourceTree = "<group>"; };
		DCCD06F51A53372600B11EBB /* AppDelegate.swift */ = {isa = PBXFileReference; lastKnownFileType = sourcecode.swift; path = AppDelegate.swift; sourceTree = "<group>"; };
		DCCD06F81A53372600B11EBB /* USBHerzchirurgie.xcdatamodel */ = {isa = PBXFileReference; lastKnownFileType = wrapper.xcdatamodel; path = USBHerzchirurgie.xcdatamodel; sourceTree = "<group>"; };
		DCCD06FA1A53372600B11EBB /* ViewController.swift */ = {isa = PBXFileReference; lastKnownFileType = sourcecode.swift; path = ViewController.swift; sourceTree = "<group>"; };
		DCCD06FD1A53372600B11EBB /* Base */ = {isa = PBXFileReference; lastKnownFileType = file.storyboard; name = Base; path = Base.lproj/Main.storyboard; sourceTree = "<group>"; };
		DCCD06FF1A53372600B11EBB /* Images.xcassets */ = {isa = PBXFileReference; lastKnownFileType = folder.assetcatalog; path = Images.xcassets; sourceTree = "<group>"; };
		DCCD07021A53372600B11EBB /* Base */ = {isa = PBXFileReference; lastKnownFileType = file.xib; name = Base; path = Base.lproj/LaunchScreen.xib; sourceTree = "<group>"; };
		DCCD07081A53372600B11EBB /* USBHerzchirurgieTests.xctest */ = {isa = PBXFileReference; explicitFileType = wrapper.cfbundle; includeInIndex = 0; path = USBHerzchirurgieTests.xctest; sourceTree = BUILT_PRODUCTS_DIR; };
		DCCD070D1A53372600B11EBB /* Info.plist */ = {isa = PBXFileReference; lastKnownFileType = text.plist.xml; path = Info.plist; sourceTree = "<group>"; };
		DCCD070E1A53372600B11EBB /* USBHerzchirurgieTests.swift */ = {isa = PBXFileReference; lastKnownFileType = sourcecode.swift; path = USBHerzchirurgieTests.swift; sourceTree = "<group>"; };
		DCCD07181A5339F600B11EBB /* FrontPageTableViewController.swift */ = {isa = PBXFileReference; fileEncoding = 4; lastKnownFileType = sourcecode.swift; path = FrontPageTableViewController.swift; sourceTree = "<group>"; };
		DCCD071C1A533A5300B11EBB /* DienstplanTableViewController.swift */ = {isa = PBXFileReference; fileEncoding = 4; lastKnownFileType = sourcecode.swift; path = DienstplanTableViewController.swift; sourceTree = "<group>"; };
		DCCD071E1A533A8D00B11EBB /* AufnahmeWebViewController.swift */ = {isa = PBXFileReference; fileEncoding = 4; lastKnownFileType = sourcecode.swift; path = AufnahmeWebViewController.swift; sourceTree = "<group>"; };
		DCCD07201A533AA600B11EBB /* FAQWebViewController.swift */ = {isa = PBXFileReference; fileEncoding = 4; lastKnownFileType = sourcecode.swift; path = FAQWebViewController.swift; sourceTree = "<group>"; };
		DCCD07221A533ACC00B11EBB /* ComposeNewsViewController.swift */ = {isa = PBXFileReference; fileEncoding = 4; lastKnownFileType = sourcecode.swift; path = ComposeNewsViewController.swift; sourceTree = "<group>"; };
		DCCD07241A533B0500B11EBB /* SideBar.swift */ = {isa = PBXFileReference; fileEncoding = 4; lastKnownFileType = sourcecode.swift; path = SideBar.swift; sourceTree = "<group>"; };
		DCCD07261A533B2500B11EBB /* SideBarTableViewController.swift */ = {isa = PBXFileReference; fileEncoding = 4; lastKnownFileType = sourcecode.swift; path = SideBarTableViewController.swift; sourceTree = "<group>"; };
		DCCD07281A533B5200B11EBB /* DienstplanTableViewCell.swift */ = {isa = PBXFileReference; fileEncoding = 4; lastKnownFileType = sourcecode.swift; path = DienstplanTableViewCell.swift; sourceTree = "<group>"; };
		DCCD072A1A533B6900B11EBB /* NewsTableViewCell.swift */ = {isa = PBXFileReference; fileEncoding = 4; lastKnownFileType = sourcecode.swift; path = NewsTableViewCell.swift; sourceTree = "<group>"; };
		DCCD072C1A533EEF00B11EBB /* create_new-32.png */ = {isa = PBXFileReference; lastKnownFileType = image.png; path = "create_new-32.png"; sourceTree = "<group>"; };
		DCCD072D1A533EEF00B11EBB /* edit_file-32.png */ = {isa = PBXFileReference; lastKnownFileType = image.png; path = "edit_file-32.png"; sourceTree = "<group>"; };
		DCCD072E1A533EEF00B11EBB /* menu-32.png */ = {isa = PBXFileReference; lastKnownFileType = image.png; path = "menu-32.png"; sourceTree = "<group>"; };
		DCCD072F1A533EEF00B11EBB /* schedule.png */ = {isa = PBXFileReference; lastKnownFileType = image.png; path = schedule.png; sourceTree = "<group>"; };
		DCCD07341A534DF200B11EBB /* AudioToolbox.framework */ = {isa = PBXFileReference; lastKnownFileType = wrapper.framework; name = AudioToolbox.framework; path = System/Library/Frameworks/AudioToolbox.framework; sourceTree = SDKROOT; };
		DCCD07361A534E0600B11EBB /* CFNetwork.framework */ = {isa = PBXFileReference; lastKnownFileType = wrapper.framework; name = CFNetwork.framework; path = System/Library/Frameworks/CFNetwork.framework; sourceTree = SDKROOT; };
		DCCD07381A534E1900B11EBB /* CoreGraphics.framework */ = {isa = PBXFileReference; lastKnownFileType = wrapper.framework; name = CoreGraphics.framework; path = System/Library/Frameworks/CoreGraphics.framework; sourceTree = SDKROOT; };
		DCCD073A1A534E3200B11EBB /* CoreLocation.framework */ = {isa = PBXFileReference; lastKnownFileType = wrapper.framework; name = CoreLocation.framework; path = System/Library/Frameworks/CoreLocation.framework; sourceTree = SDKROOT; };
		DCCD073C1A534E4500B11EBB /* MobileCoreServices.framework */ = {isa = PBXFileReference; lastKnownFileType = wrapper.framework; name = MobileCoreServices.framework; path = System/Library/Frameworks/MobileCoreServices.framework; sourceTree = SDKROOT; };
		DCCD073E1A534E5B00B11EBB /* QuartzCore.framework */ = {isa = PBXFileReference; lastKnownFileType = wrapper.framework; name = QuartzCore.framework; path = System/Library/Frameworks/QuartzCore.framework; sourceTree = SDKROOT; };
		DCCD07401A534E7200B11EBB /* Security.framework */ = {isa = PBXFileReference; lastKnownFileType = wrapper.framework; name = Security.framework; path = System/Library/Frameworks/Security.framework; sourceTree = SDKROOT; };
		DCCD07421A534E8300B11EBB /* StoreKit.framework */ = {isa = PBXFileReference; lastKnownFileType = wrapper.framework; name = StoreKit.framework; path = System/Library/Frameworks/StoreKit.framework; sourceTree = SDKROOT; };
		DCCD07441A534E9700B11EBB /* SystemConfiguration.framework */ = {isa = PBXFileReference; lastKnownFileType = wrapper.framework; name = SystemConfiguration.framework; path = System/Library/Frameworks/SystemConfiguration.framework; sourceTree = SDKROOT; };
		DCCD07461A534EAC00B11EBB /* libsqlite3.dylib */ = {isa = PBXFileReference; lastKnownFileType = "compiled.mach-o.dylib"; name = libsqlite3.dylib; path = usr/lib/libsqlite3.dylib; sourceTree = SDKROOT; };
		DCCD07481A534EC200B11EBB /* libz.dylib */ = {isa = PBXFileReference; lastKnownFileType = "compiled.mach-o.dylib"; name = libz.dylib; path = usr/lib/libz.dylib; sourceTree = SDKROOT; };
		DCCD074A1A534F1200B11EBB /* Bolts.framework */ = {isa = PBXFileReference; lastKnownFileType = wrapper.framework; path = Bolts.framework; sourceTree = "<group>"; };
		DCCD074B1A534F1200B11EBB /* Parse.framework */ = {isa = PBXFileReference; lastKnownFileType = wrapper.framework; path = Parse.framework; sourceTree = "<group>"; };
		DCCD074C1A534F1200B11EBB /* ParseCrashReporting.framework */ = {isa = PBXFileReference; lastKnownFileType = wrapper.framework; path = ParseCrashReporting.framework; sourceTree = "<group>"; };
		DCCD074D1A534F1200B11EBB /* ParseFacebookUtils.framework */ = {isa = PBXFileReference; lastKnownFileType = wrapper.framework; path = ParseFacebookUtils.framework; sourceTree = "<group>"; };
		DCCD074E1A534F1200B11EBB /* ParseUI.framework */ = {isa = PBXFileReference; lastKnownFileType = wrapper.framework; path = ParseUI.framework; sourceTree = "<group>"; };
		DCCD07551A534F5400B11EBB /* USBHerzchirurgie-Bridging-Header.h */ = {isa = PBXFileReference; lastKnownFileType = sourcecode.c.h; name = "USBHerzchirurgie-Bridging-Header.h"; path = "USBHerzchirurgie/USBHerzchirurgie-Bridging-Header.h"; sourceTree = "<group>"; };
		DCCD07581A53728300B11EBB /* NewsWebViewController.swift */ = {isa = PBXFileReference; fileEncoding = 4; lastKnownFileType = sourcecode.swift; path = NewsWebViewController.swift; sourceTree = "<group>"; };
		DCEA5B3A1A54AA520054C988 /* sounds-1046-et-voila.mp3 */ = {isa = PBXFileReference; lastKnownFileType = audio.mp3; path = "sounds-1046-et-voila.mp3"; sourceTree = "<group>"; };
/* End PBXFileReference section */

/* Begin PBXFrameworksBuildPhase section */
		DCCD06ED1A53372600B11EBB /* Frameworks */ = {
			isa = PBXFrameworksBuildPhase;
			buildActionMask = 2147483647;
			files = (
				DCCD07491A534EC200B11EBB /* libz.dylib in Frameworks */,
				DCCD07471A534EAC00B11EBB /* libsqlite3.dylib in Frameworks */,
				DCCD07451A534E9700B11EBB /* SystemConfiguration.framework in Frameworks */,
				DCCD074F1A534F1200B11EBB /* Bolts.framework in Frameworks */,
				DCCD07431A534E8300B11EBB /* StoreKit.framework in Frameworks */,
				DCCD07511A534F1200B11EBB /* ParseCrashReporting.framework in Frameworks */,
				DCCD07531A534F1200B11EBB /* ParseUI.framework in Frameworks */,
				DCCD07411A534E7200B11EBB /* Security.framework in Frameworks */,
				DCCD07501A534F1200B11EBB /* Parse.framework in Frameworks */,
				DCCD07521A534F1200B11EBB /* ParseFacebookUtils.framework in Frameworks */,
				DCCD073F1A534E5B00B11EBB /* QuartzCore.framework in Frameworks */,
				DCCD073D1A534E4500B11EBB /* MobileCoreServices.framework in Frameworks */,
				DCCD073B1A534E3200B11EBB /* CoreLocation.framework in Frameworks */,
				DCCD07391A534E1900B11EBB /* CoreGraphics.framework in Frameworks */,
				DCCD07371A534E0600B11EBB /* CFNetwork.framework in Frameworks */,
				DCCD07351A534DF200B11EBB /* AudioToolbox.framework in Frameworks */,
			);
			runOnlyForDeploymentPostprocessing = 0;
		};
		DCCD07051A53372600B11EBB /* Frameworks */ = {
			isa = PBXFrameworksBuildPhase;
			buildActionMask = 2147483647;
			files = (
			);
			runOnlyForDeploymentPostprocessing = 0;
		};
/* End PBXFrameworksBuildPhase section */

/* Begin PBXGroup section */
		DCCD06E71A53372600B11EBB = {
			isa = PBXGroup;
			children = (
				DCCD07551A534F5400B11EBB /* USBHerzchirurgie-Bridging-Header.h */,
				DCCD07541A534F2500B11EBB /* Frameworks */,
				DCCD06F21A53372600B11EBB /* USBHerzchirurgie */,
				DCCD070B1A53372600B11EBB /* USBHerzchirurgieTests */,
				DCCD06F11A53372600B11EBB /* Products */,
			);
			sourceTree = "<group>";
		};
		DCCD06F11A53372600B11EBB /* Products */ = {
			isa = PBXGroup;
			children = (
				DCCD06F01A53372600B11EBB /* USBHerzchirurgie.app */,
				DCCD07081A53372600B11EBB /* USBHerzchirurgieTests.xctest */,
			);
			name = Products;
			sourceTree = "<group>";
		};
		DCCD06F21A53372600B11EBB /* USBHerzchirurgie */ = {
			isa = PBXGroup;
			children = (
				DCCD06F51A53372600B11EBB /* AppDelegate.swift */,
				DCCD06FA1A53372600B11EBB /* ViewController.swift */,
				DCCD07181A5339F600B11EBB /* FrontPageTableViewController.swift */,
				DCCD07581A53728300B11EBB /* NewsWebViewController.swift */,
				DCCD071C1A533A5300B11EBB /* DienstplanTableViewController.swift */,
				DCCD071E1A533A8D00B11EBB /* AufnahmeWebViewController.swift */,
				DCCD07201A533AA600B11EBB /* FAQWebViewController.swift */,
				DCCD07221A533ACC00B11EBB /* ComposeNewsViewController.swift */,
				DCCD07241A533B0500B11EBB /* SideBar.swift */,
				DCCD07281A533B5200B11EBB /* DienstplanTableViewCell.swift */,
				DCCD072A1A533B6900B11EBB /* NewsTableViewCell.swift */,
				DCCD07261A533B2500B11EBB /* SideBarTableViewController.swift */,
				DCCD06FC1A53372600B11EBB /* Main.storyboard */,
				DCCD06FF1A53372600B11EBB /* Images.xcassets */,
				DCCD07011A53372600B11EBB /* LaunchScreen.xib */,
				DCCD06F71A53372600B11EBB /* USBHerzchirurgie.xcdatamodeld */,
				DCCD06F31A53372600B11EBB /* Supporting Files */,
			);
			path = USBHerzchirurgie;
			sourceTree = "<group>";
		};
		DCCD06F31A53372600B11EBB /* Supporting Files */ = {
			isa = PBXGroup;
			children = (
				DCEA5B3A1A54AA520054C988 /* sounds-1046-et-voila.mp3 */,
				DCCD072C1A533EEF00B11EBB /* create_new-32.png */,
				DCCD072D1A533EEF00B11EBB /* edit_file-32.png */,
				DCCD072E1A533EEF00B11EBB /* menu-32.png */,
				DCCD072F1A533EEF00B11EBB /* schedule.png */,
				DCCD06F41A53372600B11EBB /* Info.plist */,
			);
			name = "Supporting Files";
			sourceTree = "<group>";
		};
		DCCD070B1A53372600B11EBB /* USBHerzchirurgieTests */ = {
			isa = PBXGroup;
			children = (
				DCCD070E1A53372600B11EBB /* USBHerzchirurgieTests.swift */,
				DCCD070C1A53372600B11EBB /* Supporting Files */,
			);
			path = USBHerzchirurgieTests;
			sourceTree = "<group>";
		};
		DCCD070C1A53372600B11EBB /* Supporting Files */ = {
			isa = PBXGroup;
			children = (
				DCCD070D1A53372600B11EBB /* Info.plist */,
			);
			name = "Supporting Files";
			sourceTree = "<group>";
		};
		DCCD07541A534F2500B11EBB /* Frameworks */ = {
			isa = PBXGroup;
			children = (
				DCCD074A1A534F1200B11EBB /* Bolts.framework */,
				DCCD074B1A534F1200B11EBB /* Parse.framework */,
				DCCD074C1A534F1200B11EBB /* ParseCrashReporting.framework */,
				DCCD074D1A534F1200B11EBB /* ParseFacebookUtils.framework */,
				DCCD074E1A534F1200B11EBB /* ParseUI.framework */,
				DCCD07481A534EC200B11EBB /* libz.dylib */,
				DCCD07461A534EAC00B11EBB /* libsqlite3.dylib */,
				DCCD07441A534E9700B11EBB /* SystemConfiguration.framework */,
				DCCD07421A534E8300B11EBB /* StoreKit.framework */,
				DCCD07401A534E7200B11EBB /* Security.framework */,
				DCCD073E1A534E5B00B11EBB /* QuartzCore.framework */,
				DCCD073C1A534E4500B11EBB /* MobileCoreServices.framework */,
				DCCD073A1A534E3200B11EBB /* CoreLocation.framework */,
				DCCD07381A534E1900B11EBB /* CoreGraphics.framework */,
				DCCD07361A534E0600B11EBB /* CFNetwork.framework */,
				DCCD07341A534DF200B11EBB /* AudioToolbox.framework */,
			);
			name = Frameworks;
			sourceTree = "<group>";
		};
/* End PBXGroup section */

/* Begin PBXNativeTarget section */
		DCCD06EF1A53372600B11EBB /* USBHerzchirurgie */ = {
			isa = PBXNativeTarget;
			buildConfigurationList = DCCD07121A53372600B11EBB /* Build configuration list for PBXNativeTarget "USBHerzchirurgie" */;
			buildPhases = (
				DCCD06EC1A53372600B11EBB /* Sources */,
				DCCD06ED1A53372600B11EBB /* Frameworks */,
				DCCD06EE1A53372600B11EBB /* Resources */,
			);
			buildRules = (
			);
			dependencies = (
			);
			name = USBHerzchirurgie;
			productName = USBHerzchirurgie;
			productReference = DCCD06F01A53372600B11EBB /* USBHerzchirurgie.app */;
			productType = "com.apple.product-type.application";
		};
		DCCD07071A53372600B11EBB /* USBHerzchirurgieTests */ = {
			isa = PBXNativeTarget;
			buildConfigurationList = DCCD07151A53372600B11EBB /* Build configuration list for PBXNativeTarget "USBHerzchirurgieTests" */;
			buildPhases = (
				DCCD07041A53372600B11EBB /* Sources */,
				DCCD07051A53372600B11EBB /* Frameworks */,
				DCCD07061A53372600B11EBB /* Resources */,
			);
			buildRules = (
			);
			dependencies = (
				DCCD070A1A53372600B11EBB /* PBXTargetDependency */,
			);
			name = USBHerzchirurgieTests;
			productName = USBHerzchirurgieTests;
			productReference = DCCD07081A53372600B11EBB /* USBHerzchirurgieTests.xctest */;
			productType = "com.apple.product-type.bundle.unit-test";
		};
/* End PBXNativeTarget section */

/* Begin PBXProject section */
		DCCD06E81A53372600B11EBB /* Project object */ = {
			isa = PBXProject;
			attributes = {
				LastUpgradeCheck = 0610;
				ORGANIZATIONNAME = Felix;
				TargetAttributes = {
					DCCD06EF1A53372600B11EBB = {
						CreatedOnToolsVersion = 6.1.1;
						DevelopmentTeam = FH6LQ7B756;
					};
					DCCD07071A53372600B11EBB = {
						CreatedOnToolsVersion = 6.1.1;
						TestTargetID = DCCD06EF1A53372600B11EBB;
					};
				};
			};
			buildConfigurationList = DCCD06EB1A53372600B11EBB /* Build configuration list for PBXProject "USBHerzchirurgie" */;
			compatibilityVersion = "Xcode 3.2";
			developmentRegion = English;
			hasScannedForEncodings = 0;
			knownRegions = (
				en,
				Base,
			);
			mainGroup = DCCD06E71A53372600B11EBB;
			productRefGroup = DCCD06F11A53372600B11EBB /* Products */;
			projectDirPath = "";
			projectRoot = "";
			targets = (
				DCCD06EF1A53372600B11EBB /* USBHerzchirurgie */,
				DCCD07071A53372600B11EBB /* USBHerzchirurgieTests */,
			);
		};
/* End PBXProject section */

/* Begin PBXResourcesBuildPhase section */
		DCCD06EE1A53372600B11EBB /* Resources */ = {
			isa = PBXResourcesBuildPhase;
			buildActionMask = 2147483647;
			files = (
				DCEA5B3B1A54AA520054C988 /* sounds-1046-et-voila.mp3 in Resources */,
				DCCD07331A533EEF00B11EBB /* schedule.png in Resources */,
				DCCD06FE1A53372600B11EBB /* Main.storyboard in Resources */,
				DCCD07031A53372600B11EBB /* LaunchScreen.xib in Resources */,
				DCCD07001A53372600B11EBB /* Images.xcassets in Resources */,
				DCCD07311A533EEF00B11EBB /* edit_file-32.png in Resources */,
				DCCD07301A533EEF00B11EBB /* create_new-32.png in Resources */,
				DCCD07321A533EEF00B11EBB /* menu-32.png in Resources */,
			);
			runOnlyForDeploymentPostprocessing = 0;
		};
		DCCD07061A53372600B11EBB /* Resources */ = {
			isa = PBXResourcesBuildPhase;
			buildActionMask = 2147483647;
			files = (
			);
			runOnlyForDeploymentPostprocessing = 0;
		};
/* End PBXResourcesBuildPhase section */

/* Begin PBXSourcesBuildPhase section */
		DCCD06EC1A53372600B11EBB /* Sources */ = {
			isa = PBXSourcesBuildPhase;
			buildActionMask = 2147483647;
			files = (
				DCCD07251A533B0500B11EBB /* SideBar.swift in Sources */,
				DCCD06FB1A53372600B11EBB /* ViewController.swift in Sources */,
				DCCD06F91A53372600B11EBB /* USBHerzchirurgie.xcdatamodeld in Sources */,
				DCCD07211A533AA600B11EBB /* FAQWebViewController.swift in Sources */,
				DCCD07591A53728300B11EBB /* NewsWebViewController.swift in Sources */,
				DCCD072B1A533B6900B11EBB /* NewsTableViewCell.swift in Sources */,
				DCCD07191A5339F600B11EBB /* FrontPageTableViewController.swift in Sources */,
				DCCD07231A533ACC00B11EBB /* ComposeNewsViewController.swift in Sources */,
				DCCD071F1A533A8D00B11EBB /* AufnahmeWebViewController.swift in Sources */,
				DCCD071D1A533A5400B11EBB /* DienstplanTableViewController.swift in Sources */,
				DCCD07291A533B5200B11EBB /* DienstplanTableViewCell.swift in Sources */,
				DCCD06F61A53372600B11EBB /* AppDelegate.swift in Sources */,
				DCCD07271A533B2500B11EBB /* SideBarTableViewController.swift in Sources */,
			);
			runOnlyForDeploymentPostprocessing = 0;
		};
		DCCD07041A53372600B11EBB /* Sources */ = {
			isa = PBXSourcesBuildPhase;
			buildActionMask = 2147483647;
			files = (
				DCCD070F1A53372600B11EBB /* USBHerzchirurgieTests.swift in Sources */,
			);
			runOnlyForDeploymentPostprocessing = 0;
		};
/* End PBXSourcesBuildPhase section */

/* Begin PBXTargetDependency section */
		DCCD070A1A53372600B11EBB /* PBXTargetDependency */ = {
			isa = PBXTargetDependency;
			target = DCCD06EF1A53372600B11EBB /* USBHerzchirurgie */;
			targetProxy = DCCD07091A53372600B11EBB /* PBXContainerItemProxy */;
		};
/* End PBXTargetDependency section */

/* Begin PBXVariantGroup section */
		DCCD06FC1A53372600B11EBB /* Main.storyboard */ = {
			isa = PBXVariantGroup;
			children = (
				DCCD06FD1A53372600B11EBB /* Base */,
			);
			name = Main.storyboard;
			sourceTree = "<group>";
		};
		DCCD07011A53372600B11EBB /* LaunchScreen.xib */ = {
			isa = PBXVariantGroup;
			children = (
				DCCD07021A53372600B11EBB /* Base */,
			);
			name = LaunchScreen.xib;
			sourceTree = "<group>";
		};
/* End PBXVariantGroup section */

/* Begin XCBuildConfiguration section */
		DCCD07101A53372600B11EBB /* Debug */ = {
			isa = XCBuildConfiguration;
			buildSettings = {
				ALWAYS_SEARCH_USER_PATHS = NO;
				CLANG_CXX_LANGUAGE_STANDARD = "gnu++0x";
				CLANG_CXX_LIBRARY = "libc++";
				CLANG_ENABLE_MODULES = YES;
				CLANG_ENABLE_OBJC_ARC = YES;
				CLANG_WARN_BOOL_CONVERSION = YES;
				CLANG_WARN_CONSTANT_CONVERSION = YES;
				CLANG_WARN_DIRECT_OBJC_ISA_USAGE = YES_ERROR;
				CLANG_WARN_EMPTY_BODY = YES;
				CLANG_WARN_ENUM_CONVERSION = YES;
				CLANG_WARN_INT_CONVERSION = YES;
				CLANG_WARN_OBJC_ROOT_CLASS = YES_ERROR;
				CLANG_WARN_UNREACHABLE_CODE = YES;
				CLANG_WARN__DUPLICATE_METHOD_MATCH = YES;
				CODE_SIGN_IDENTITY = "iPhone Developer";
				"CODE_SIGN_IDENTITY[sdk=iphoneos*]" = "iPhone Developer";
				COPY_PHASE_STRIP = NO;
				ENABLE_STRICT_OBJC_MSGSEND = YES;
				GCC_C_LANGUAGE_STANDARD = gnu99;
				GCC_DYNAMIC_NO_PIC = NO;
				GCC_OPTIMIZATION_LEVEL = 0;
				GCC_PREPROCESSOR_DEFINITIONS = (
					"DEBUG=1",
					"$(inherited)",
				);
				GCC_SYMBOLS_PRIVATE_EXTERN = NO;
				GCC_WARN_64_TO_32_BIT_CONVERSION = YES;
				GCC_WARN_ABOUT_RETURN_TYPE = YES_ERROR;
				GCC_WARN_UNDECLARED_SELECTOR = YES;
				GCC_WARN_UNINITIALIZED_AUTOS = YES_AGGRESSIVE;
				GCC_WARN_UNUSED_FUNCTION = YES;
				GCC_WARN_UNUSED_VARIABLE = YES;
				IPHONEOS_DEPLOYMENT_TARGET = 8.1;
				MTL_ENABLE_DEBUG_INFO = YES;
				ONLY_ACTIVE_ARCH = YES;
				SDKROOT = iphoneos;
				SWIFT_OPTIMIZATION_LEVEL = "-Onone";
				TARGETED_DEVICE_FAMILY = "1,2";
			};
			name = Debug;
		};
		DCCD07111A53372600B11EBB /* Release */ = {
			isa = XCBuildConfiguration;
			buildSettings = {
				ALWAYS_SEARCH_USER_PATHS = NO;
				CLANG_CXX_LANGUAGE_STANDARD = "gnu++0x";
				CLANG_CXX_LIBRARY = "libc++";
				CLANG_ENABLE_MODULES = YES;
				CLANG_ENABLE_OBJC_ARC = YES;
				CLANG_WARN_BOOL_CONVERSION = YES;
				CLANG_WARN_CONSTANT_CONVERSION = YES;
				CLANG_WARN_DIRECT_OBJC_ISA_USAGE = YES_ERROR;
				CLANG_WARN_EMPTY_BODY = YES;
				CLANG_WARN_ENUM_CONVERSION = YES;
				CLANG_WARN_INT_CONVERSION = YES;
				CLANG_WARN_OBJC_ROOT_CLASS = YES_ERROR;
				CLANG_WARN_UNREACHABLE_CODE = YES;
				CLANG_WARN__DUPLICATE_METHOD_MATCH = YES;
				CODE_SIGN_IDENTITY = "iPhone Developer";
				"CODE_SIGN_IDENTITY[sdk=iphoneos*]" = "iPhone Developer";
				COPY_PHASE_STRIP = YES;
				ENABLE_NS_ASSERTIONS = NO;
				ENABLE_STRICT_OBJC_MSGSEND = YES;
				GCC_C_LANGUAGE_STANDARD = gnu99;
				GCC_WARN_64_TO_32_BIT_CONVERSION = YES;
				GCC_WARN_ABOUT_RETURN_TYPE = YES_ERROR;
				GCC_WARN_UNDECLARED_SELECTOR = YES;
				GCC_WARN_UNINITIALIZED_AUTOS = YES_AGGRESSIVE;
				GCC_WARN_UNUSED_FUNCTION = YES;
				GCC_WARN_UNUSED_VARIABLE = YES;
				IPHONEOS_DEPLOYMENT_TARGET = 8.1;
				MTL_ENABLE_DEBUG_INFO = NO;
				SDKROOT = iphoneos;
				TARGETED_DEVICE_FAMILY = "1,2";
				VALIDATE_PRODUCT = YES;
			};
			name = Release;
		};
		DCCD07131A53372600B11EBB /* Debug */ = {
			isa = XCBuildConfiguration;
			buildSettings = {
				ASSETCATALOG_COMPILER_APPICON_NAME = AppIcon;
				CLANG_ENABLE_MODULES = YES;
				CODE_SIGN_IDENTITY = "";
				"CODE_SIGN_IDENTITY[sdk=iphoneos*]" = "";
				FRAMEWORK_SEARCH_PATHS = (
					"$(inherited)",
					"$(PROJECT_DIR)",
				);
				INFOPLIST_FILE = USBHerzchirurgie/Info.plist;
				LD_RUNPATH_SEARCH_PATHS = "$(inherited) @executable_path/Frameworks";
				PRODUCT_NAME = "$(TARGET_NAME)";
				PROVISIONING_PROFILE = "8284cced-d4e6-4358-8ed1-82ec9b263959";
				SWIFT_OBJC_BRIDGING_HEADER = "USBHerzchirurgie/USBHerzchirurgie-Bridging-Header.h";
				SWIFT_OPTIMIZATION_LEVEL = "-Onone";
			};
			name = Debug;
		};
		DCCD07141A53372600B11EBB /* Release */ = {
			isa = XCBuildConfiguration;
			buildSettings = {
				ASSETCATALOG_COMPILER_APPICON_NAME = AppIcon;
				CLANG_ENABLE_MODULES = YES;
				CODE_SIGN_IDENTITY = "";
				"CODE_SIGN_IDENTITY[sdk=iphoneos*]" = "";
				FRAMEWORK_SEARCH_PATHS = (
					"$(inherited)",
					"$(PROJECT_DIR)",
				);
				INFOPLIST_FILE = USBHerzchirurgie/Info.plist;
				LD_RUNPATH_SEARCH_PATHS = "$(inherited) @executable_path/Frameworks";
				PRODUCT_NAME = "$(TARGET_NAME)";
				PROVISIONING_PROFILE = "8284cced-d4e6-4358-8ed1-82ec9b263959";
				SWIFT_OBJC_BRIDGING_HEADER = "USBHerzchirurgie/USBHerzchirurgie-Bridging-Header.h";
			};
			name = Release;
		};
		DCCD07161A53372600B11EBB /* Debug */ = {
			isa = XCBuildConfiguration;
			buildSettings = {
				BUNDLE_LOADER = "$(TEST_HOST)";
				FRAMEWORK_SEARCH_PATHS = (
					"$(SDKROOT)/Developer/Library/Frameworks",
					"$(inherited)",
				);
				GCC_PREPROCESSOR_DEFINITIONS = (
					"DEBUG=1",
					"$(inherited)",
				);
				INFOPLIST_FILE = USBHerzchirurgieTests/Info.plist;
				LD_RUNPATH_SEARCH_PATHS = "$(inherited) @executable_path/Frameworks @loader_path/Frameworks";
				PRODUCT_NAME = "$(TARGET_NAME)";
				TEST_HOST = "$(BUILT_PRODUCTS_DIR)/USBHerzchirurgie.app/USBHerzchirurgie";
			};
			name = Debug;
		};
		DCCD07171A53372600B11EBB /* Release */ = {
			isa = XCBuildConfiguration;
			buildSettings = {
				BUNDLE_LOADER = "$(TEST_HOST)";
				FRAMEWORK_SEARCH_PATHS = (
					"$(SDKROOT)/Developer/Library/Frameworks",
					"$(inherited)",
				);
				INFOPLIST_FILE = USBHerzchirurgieTests/Info.plist;
				LD_RUNPATH_SEARCH_PATHS = "$(inherited) @executable_path/Frameworks @loader_path/Frameworks";
				PRODUCT_NAME = "$(TARGET_NAME)";
				TEST_HOST = "$(BUILT_PRODUCTS_DIR)/USBHerzchirurgie.app/USBHerzchirurgie";
			};
			name = Release;
		};
/* End XCBuildConfiguration section */

/* Begin XCConfigurationList section */
		DCCD06EB1A53372600B11EBB /* Build configuration list for PBXProject "USBHerzchirurgie" */ = {
			isa = XCConfigurationList;
			buildConfigurations = (
				DCCD07101A53372600B11EBB /* Debug */,
				DCCD07111A53372600B11EBB /* Release */,
			);
			defaultConfigurationIsVisible = 0;
			defaultConfigurationName = Release;
		};
		DCCD07121A53372600B11EBB /* Build configuration list for PBXNativeTarget "USBHerzchirurgie" */ = {
			isa = XCConfigurationList;
			buildConfigurations = (
				DCCD07131A53372600B11EBB /* Debug */,
				DCCD07141A53372600B11EBB /* Release */,
			);
			defaultConfigurationIsVisible = 0;
			defaultConfigurationName = Release;
		};
		DCCD07151A53372600B11EBB /* Build configuration list for PBXNativeTarget "USBHerzchirurgieTests" */ = {
			isa = XCConfigurationList;
			buildConfigurations = (
				DCCD07161A53372600B11EBB /* Debug */,
				DCCD07171A53372600B11EBB /* Release */,
			);
			defaultConfigurationIsVisible = 0;
			defaultConfigurationName = Release;
		};
/* End XCConfigurationList section */

/* Begin XCVersionGroup section */
		DCCD06F71A53372600B11EBB /* USBHerzchirurgie.xcdatamodeld */ = {
			isa = XCVersionGroup;
			children = (
				DCCD06F81A53372600B11EBB /* USBHerzchirurgie.xcdatamodel */,
			);
			currentVersion = DCCD06F81A53372600B11EBB /* USBHerzchirurgie.xcdatamodel */;
			path = USBHerzchirurgie.xcdatamodeld;
			sourceTree = "<group>";
			versionGroupType = wrapper.xcdatamodel;
		};
/* End XCVersionGroup section */
	};
	rootObject = DCCD06E81A53372600B11EBB /* Project object */;
}
