// !$*UTF8*$!
{
	archiveVersion = 1;
	classes = {
	};
	objectVersion = 46;
	objects = {

/* Begin PBXBuildFile section */
		DCCD06F61A53372600B11EBB /* AppDelegate.swift in Sources */ = {isa = PBXBuildFile; fileRef = DCCD06F51A53372600B11EBB /* AppDelegate.swift */; };
		DCCD06F91A53372600B11EBB /* USBHerzchirurgie.xcdatamodeld in Sources */ = {isa = PBXBuildFile; fileRef = DCCD06F71A53372600B11EBB /* USBHerzchirurgie.xcdatamodeld */; };
		DCCD06FB1A53372600B11EBB /* ViewController.swift in Sources */ = {isa = PBXBuildFile; fileRef = DCCD06FA1A53372600B11EBB /* ViewController.swift */; };
		DCCD06FE1A53372600B11EBB /* Main.storyboard in Resources */ = {isa = PBXBuildFile; fileRef = DCCD06FC1A53372600B11EBB /* Main.storyboard */; };
		DCCD07001A53372600B11EBB /* Images.xcassets in Resources */ = {isa = PBXBuildFile; fileRef = DCCD06FF1A53372600B11EBB /* Images.xcassets */; };
		DCCD07031A53372600B11EBB /* LaunchScreen.xib in Resources */ = {isa = PBXBuildFile; fileRef = DCCD07011A53372600B11EBB /* LaunchScreen.xib */; };
		DCCD070F1A53372600B11EBB /* USBHerzchirurgieTests.swift in Sources */ = {isa = PBXBuildFile; fileRef = DCCD070E1A53372600B11EBB /* USBHerzchirurgieTests.swift */; };
/* End PBXBuildFile section */

/* Begin PBXContainerItemProxy section */
		DCCD07091A53372600B11EBB /* PBXContainerItemProxy */ = {
			isa = PBXContainerItemProxy;
			containerPortal = DCCD06E81A53372600B11EBB /* Project object */;
			proxyType = 1;
			remoteGlobalIDString = DCCD06EF1A53372600B11EBB;
			remoteInfo = USBHerzchirurgie;
		};
/* End PBXContainerItemProxy section */

/* Begin PBXFileReference section */
		DCCD06F01A53372600B11EBB /* USBHerzchirurgie.app */ = {isa = PBXFileReference; explicitFileType = wrapper.application; includeInIndex = 0; path = USBHerzchirurgie.app; sourceTree = BUILT_PRODUCTS_DIR; };
		DCCD06F41A53372600B11EBB /* Info.plist */ = {isa = PBXFileReference; lastKnownFileType = text.plist.xml; path = Info.plist; sourceTree = "<group>"; };
		DCCD06F51A53372600B11EBB /* AppDelegate.swift */ = {isa = PBXFileReference; lastKnownFileType = sourcecode.swift; path = AppDelegate.swift; sourceTree = "<group>"; };
		DCCD06F81A53372600B11EBB /* USBHerzchirurgie.xcdatamodel */ = {isa = PBXFileReference; lastKnownFileType = wrapper.xcdatamodel; path = USBHerzchirurgie.xcdatamodel; sourceTree = "<group>"; };
		DCCD06FA1A53372600B11EBB /* ViewController.swift */ = {isa = PBXFileReference; lastKnownFileType = sourcecode.swift; path = ViewController.swift; sourceTree = "<group>"; };
		DCCD06FD1A53372600B11EBB /* Base */ = {isa = PBXFileReference; lastKnownFileType = file.storyboard; name = Base; path = Base.lproj/Main.storyboard; sourceTree = "<group>"; };
		DCCD06FF1A53372600B11EBB /* Images.xcassets */ = {isa = PBXFileReference; lastKnownFileType = folder.assetcatalog; path = Images.xcassets; sourceTree = "<group>"; };
		DCCD07021A53372600B11EBB /* Base */ = {isa = PBXFileReference; lastKnownFileType = file.xib; name = Base; path = Base.lproj/LaunchScreen.xib; sourceTree = "<group>"; };
		DCCD07081A53372600B11EBB /* USBHerzchirurgieTests.xctest */ = {isa = PBXFileReference; explicitFileType = wrapper.cfbundle; includeInIndex = 0; path = USBHerzchirurgieTests.xctest; sourceTree = BUILT_PRODUCTS_DIR; };
		DCCD070D1A53372600B11EBB /* Info.plist */ = {isa = PBXFileReference; lastKnownFileType = text.plist.xml; path = Info.plist; sourceTree = "<group>"; };
		DCCD070E1A53372600B11EBB /* USBHerzchirurgieTests.swift */ = {isa = PBXFileReference; lastKnownFileType = sourcecode.swift; path = USBHerzchirurgieTests.swift; sourceTree = "<group>"; };
/* End PBXFileReference section */

/* Begin PBXFrameworksBuildPhase section */
		DCCD06ED1A53372600B11EBB /* Frameworks */ = {
			isa = PBXFrameworksBuildPhase;
			buildActionMask = 2147483647;
			files = (
			);
			runOnlyForDeploymentPostprocessing = 0;
		};
		DCCD07051A53372600B11EBB /* Frameworks */ = {
			isa = PBXFrameworksBuildPhase;
			buildActionMask = 2147483647;
			files = (
			);
			runOnlyForDeploymentPostprocessing = 0;
		};
/* End PBXFrameworksBuildPhase section */

/* Begin PBXGroup section */
		DCCD06E71A53372600B11EBB = {
			isa = PBXGroup;
			children = (
				DCCD06F21A53372600B11EBB /* USBHerzchirurgie */,
				DCCD070B1A53372600B11EBB /* USBHerzchirurgieTests */,
				DCCD06F11A53372600B11EBB /* Products */,
			);
			sourceTree = "<group>";
		};
		DCCD06F11A53372600B11EBB /* Products */ = {
			isa = PBXGroup;
			children = (
				DCCD06F01A53372600B11EBB /* USBHerzchirurgie.app */,
				DCCD07081A53372600B11EBB /* USBHerzchirurgieTests.xctest */,
			);
			name = Products;
			sourceTree = "<group>";
		};
		DCCD06F21A53372600B11EBB /* USBHerzchirurgie */ = {
			isa = PBXGroup;
			children = (
				DCCD06F51A53372600B11EBB /* AppDelegate.swift */,
				DCCD06FA1A53372600B11EBB /* ViewController.swift */,
				DCCD06FC1A53372600B11EBB /* Main.storyboard */,
				DCCD06FF1A53372600B11EBB /* Images.xcassets */,
				DCCD07011A53372600B11EBB /* LaunchScreen.xib */,
				DCCD06F71A53372600B11EBB /* USBHerzchirurgie.xcdatamodeld */,
				DCCD06F31A53372600B11EBB /* Supporting Files */,
			);
			path = USBHerzchirurgie;
			sourceTree = "<group>";
		};
		DCCD06F31A53372600B11EBB /* Supporting Files */ = {
			isa = PBXGroup;
			children = (
				DCCD06F41A53372600B11EBB /* Info.plist */,
			);
			name = "Supporting Files";
			sourceTree = "<group>";
		};
		DCCD070B1A53372600B11EBB /* USBHerzchirurgieTests */ = {
			isa = PBXGroup;
			children = (
				DCCD070E1A53372600B11EBB /* USBHerzchirurgieTests.swift */,
				DCCD070C1A53372600B11EBB /* Supporting Files */,
			);
			path = USBHerzchirurgieTests;
			sourceTree = "<group>";
		};
		DCCD070C1A53372600B11EBB /* Supporting Files */ = {
			isa = PBXGroup;
			children = (
				DCCD070D1A53372600B11EBB /* Info.plist */,
			);
			name = "Supporting Files";
			sourceTree = "<group>";
		};
/* End PBXGroup section */

/* Begin PBXNativeTarget section */
		DCCD06EF1A53372600B11EBB /* USBHerzchirurgie */ = {
			isa = PBXNativeTarget;
			buildConfigurationList = DCCD07121A53372600B11EBB /* Build configuration list for PBXNativeTarget "USBHerzchirurgie" */;
			buildPhases = (
				DCCD06EC1A53372600B11EBB /* Sources */,
				DCCD06ED1A53372600B11EBB /* Frameworks */,
				DCCD06EE1A53372600B11EBB /* Resources */,
			);
			buildRules = (
			);
			dependencies = (
			);
			name = USBHerzchirurgie;
			productName = USBHerzchirurgie;
			productReference = DCCD06F01A53372600B11EBB /* USBHerzchirurgie.app */;
			productType = "com.apple.product-type.application";
		};
		DCCD07071A53372600B11EBB /* USBHerzchirurgieTests */ = {
			isa = PBXNativeTarget;
			buildConfigurationList = DCCD07151A53372600B11EBB /* Build configuration list for PBXNativeTarget "USBHerzchirurgieTests" */;
			buildPhases = (
				DCCD07041A53372600B11EBB /* Sources */,
				DCCD07051A53372600B11EBB /* Frameworks */,
				DCCD07061A53372600B11EBB /* Resources */,
			);
			buildRules = (
			);
			dependencies = (
				DCCD070A1A53372600B11EBB /* PBXTargetDependency */,
			);
			name = USBHerzchirurgieTests;
			productName = USBHerzchirurgieTests;
			productReference = DCCD07081A53372600B11EBB /* USBHerzchirurgieTests.xctest */;
			productType = "com.apple.product-type.bundle.unit-test";
		};
/* End PBXNativeTarget section */

/* Begin PBXProject section */
		DCCD06E81A53372600B11EBB /* Project object */ = {
			isa = PBXProject;
			attributes = {
				LastUpgradeCheck = 0610;
				ORGANIZATIONNAME = Felix;
				TargetAttributes = {
					DCCD06EF1A53372600B11EBB = {
						CreatedOnToolsVersion = 6.1.1;
					};
					DCCD07071A53372600B11EBB = {
						CreatedOnToolsVersion = 6.1.1;
						TestTargetID = DCCD06EF1A53372600B11EBB;
					};
				};
			};
			buildConfigurationList = DCCD06EB1A53372600B11EBB /* Build configuration list for PBXProject "USBHerzchirurgie" */;
			compatibilityVersion = "Xcode 3.2";
			developmentRegion = English;
			hasScannedForEncodings = 0;
			knownRegions = (
				en,
				Base,
			);
			mainGroup = DCCD06E71A53372600B11EBB;
			productRefGroup = DCCD06F11A53372600B11EBB /* Products */;
			projectDirPath = "";
			projectRoot = "";
			targets = (
				DCCD06EF1A53372600B11EBB /* USBHerzchirurgie */,
				DCCD07071A53372600B11EBB /* USBHerzchirurgieTests */,
			);
		};
/* End PBXProject section */

/* Begin PBXResourcesBuildPhase section */
		DCCD06EE1A53372600B11EBB /* Resources */ = {
			isa = PBXResourcesBuildPhase;
			buildActionMask = 2147483647;
			files = (
				DCCD06FE1A53372600B11EBB /* Main.storyboard in Resources */,
				DCCD07031A53372600B11EBB /* LaunchScreen.xib in Resources */,
				DCCD07001A53372600B11EBB /* Images.xcassets in Resources */,
			);
			runOnlyForDeploymentPostprocessing = 0;
		};
		DCCD07061A53372600B11EBB /* Resources */ = {
			isa = PBXResourcesBuildPhase;
			buildActionMask = 2147483647;
			files = (
			);
			runOnlyForDeploymentPostprocessing = 0;
		};
/* End PBXResourcesBuildPhase section */

/* Begin PBXSourcesBuildPhase section */
		DCCD06EC1A53372600B11EBB /* Sources */ = {
			isa = PBXSourcesBuildPhase;
			buildActionMask = 2147483647;
			files = (
				DCCD06FB1A53372600B11EBB /* ViewController.swift in Sources */,
				DCCD06F91A53372600B11EBB /* USBHerzchirurgie.xcdatamodeld in Sources */,
				DCCD06F61A53372600B11EBB /* AppDelegate.swift in Sources */,
			);
			runOnlyForDeploymentPostprocessing = 0;
		};
		DCCD07041A53372600B11EBB /* Sources */ = {
			isa = PBXSourcesBuildPhase;
			buildActionMask = 2147483647;
			files = (
				DCCD070F1A53372600B11EBB /* USBHerzchirurgieTests.swift in Sources */,
			);
			runOnlyForDeploymentPostprocessing = 0;
		};
/* End PBXSourcesBuildPhase section */

/* Begin PBXTargetDependency section */
		DCCD070A1A53372600B11EBB /* PBXTargetDependency */ = {
			isa = PBXTargetDependency;
			target = DCCD06EF1A53372600B11EBB /* USBHerzchirurgie */;
			targetProxy = DCCD07091A53372600B11EBB /* PBXContainerItemProxy */;
		};
/* End PBXTargetDependency section */

/* Begin PBXVariantGroup section */
		DCCD06FC1A53372600B11EBB /* Main.storyboard */ = {
			isa = PBXVariantGroup;
			children = (
				DCCD06FD1A53372600B11EBB /* Base */,
			);
			name = Main.storyboard;
			sourceTree = "<group>";
		};
		DCCD07011A53372600B11EBB /* LaunchScreen.xib */ = {
			isa = PBXVariantGroup;
			children = (
				DCCD07021A53372600B11EBB /* Base */,
			);
			name = LaunchScreen.xib;
			sourceTree = "<group>";
		};
/* End PBXVariantGroup section */

/* Begin XCBuildConfiguration section */
		DCCD07101A53372600B11EBB /* Debug */ = {
			isa = XCBuildConfiguration;
			buildSettings = {
				ALWAYS_SEARCH_USER_PATHS = NO;
				CLANG_CXX_LANGUAGE_STANDARD = "gnu++0x";
				CLANG_CXX_LIBRARY = "libc++";
				CLANG_ENABLE_MODULES = YES;
				CLANG_ENABLE_OBJC_ARC = YES;
				CLANG_WARN_BOOL_CONVERSION = YES;
				CLANG_WARN_CONSTANT_CONVERSION = YES;
				CLANG_WARN_DIRECT_OBJC_ISA_USAGE = YES_ERROR;
				CLANG_WARN_EMPTY_BODY = YES;
				CLANG_WARN_ENUM_CONVERSION = YES;
				CLANG_WARN_INT_CONVERSION = YES;
				CLANG_WARN_OBJC_ROOT_CLASS = YES_ERROR;
				CLANG_WARN_UNREACHABLE_CODE = YES;
				CLANG_WARN__DUPLICATE_METHOD_MATCH = YES;
				"CODE_SIGN_IDENTITY[sdk=iphoneos*]" = "iPhone Developer";
				COPY_PHASE_STRIP = NO;
				ENABLE_STRICT_OBJC_MSGSEND = YES;
				GCC_C_LANGUAGE_STANDARD = gnu99;
				GCC_DYNAMIC_NO_PIC = NO;
				GCC_OPTIMIZATION_LEVEL = 0;
				GCC_PREPROCESSOR_DEFINITIONS = (
					"DEBUG=1",
					"$(inherited)",
				);
				GCC_SYMBOLS_PRIVATE_EXTERN = NO;
				GCC_WARN_64_TO_32_BIT_CONVERSION = YES;
				GCC_WARN_ABOUT_RETURN_TYPE = YES_ERROR;
				GCC_WARN_UNDECLARED_SELECTOR = YES;
				GCC_WARN_UNINITIALIZED_AUTOS = YES_AGGRESSIVE;
				GCC_WARN_UNUSED_FUNCTION = YES;
				GCC_WARN_UNUSED_VARIABLE = YES;
				IPHONEOS_DEPLOYMENT_TARGET = 8.1;
				MTL_ENABLE_DEBUG_INFO = YES;
				ONLY_ACTIVE_ARCH = YES;
				SDKROOT = iphoneos;
				SWIFT_OPTIMIZATION_LEVEL = "-Onone";
				TARGETED_DEVICE_FAMILY = "1,2";
			};
			name = Debug;
		};
		DCCD07111A53372600B11EBB /* Release */ = {
			isa = XCBuildConfiguration;
			buildSettings = {
				ALWAYS_SEARCH_USER_PATHS = NO;
				CLANG_CXX_LANGUAGE_STANDARD = "gnu++0x";
				CLANG_CXX_LIBRARY = "libc++";
				CLANG_ENABLE_MODULES = YES;
				CLANG_ENABLE_OBJC_ARC = YES;
				CLANG_WARN_BOOL_CONVERSION = YES;
				CLANG_WARN_CONSTANT_CONVERSION = YES;
				CLANG_WARN_DIRECT_OBJC_ISA_USAGE = YES_ERROR;
				CLANG_WARN_EMPTY_BODY = YES;
				CLANG_WARN_ENUM_CONVERSION = YES;
				CLANG_WARN_INT_CONVERSION = YES;
				CLANG_WARN_OBJC_ROOT_CLASS = YES_ERROR;
				CLANG_WARN_UNREACHABLE_CODE = YES;
				CLANG_WARN__DUPLICATE_METHOD_MATCH = YES;
				"CODE_SIGN_IDENTITY[sdk=iphoneos*]" = "iPhone Developer";
				COPY_PHASE_STRIP = YES;
				ENABLE_NS_ASSERTIONS = NO;
				ENABLE_STRICT_OBJC_MSGSEND = YES;
				GCC_C_LANGUAGE_STANDARD = gnu99;
				GCC_WARN_64_TO_32_BIT_CONVERSION = YES;
				GCC_WARN_ABOUT_RETURN_TYPE = YES_ERROR;
				GCC_WARN_UNDECLARED_SELECTOR = YES;
				GCC_WARN_UNINITIALIZED_AUTOS = YES_AGGRESSIVE;
				GCC_WARN_UNUSED_FUNCTION = YES;
				GCC_WARN_UNUSED_VARIABLE = YES;
				IPHONEOS_DEPLOYMENT_TARGET = 8.1;
				MTL_ENABLE_DEBUG_INFO = NO;
				SDKROOT = iphoneos;
				TARGETED_DEVICE_FAMILY = "1,2";
				VALIDATE_PRODUCT = YES;
			};
			name = Release;
		};
		DCCD07131A53372600B11EBB /* Debug */ = {
			isa = XCBuildConfiguration;
			buildSettings = {
				ASSETCATALOG_COMPILER_APPICON_NAME = AppIcon;
				INFOPLIST_FILE = USBHerzchirurgie/Info.plist;
				LD_RUNPATH_SEARCH_PATHS = "$(inherited) @executable_path/Frameworks";
				PRODUCT_NAME = "$(TARGET_NAME)";
			};
			name = Debug;
		};
		DCCD07141A53372600B11EBB /* Release */ = {
			isa = XCBuildConfiguration;
			buildSettings = {
				ASSETCATALOG_COMPILER_APPICON_NAME = AppIcon;
				INFOPLIST_FILE = USBHerzchirurgie/Info.plist;
				LD_RUNPATH_SEARCH_PATHS = "$(inherited) @executable_path/Frameworks";
				PRODUCT_NAME = "$(TARGET_NAME)";
			};
			name = Release;
		};
		DCCD07161A53372600B11EBB /* Debug */ = {
			isa = XCBuildConfiguration;
			buildSettings = {
				BUNDLE_LOADER = "$(TEST_HOST)";
				FRAMEWORK_SEARCH_PATHS = (
					"$(SDKROOT)/Developer/Library/Frameworks",
					"$(inherited)",
				);
				GCC_PREPROCESSOR_DEFINITIONS = (
					"DEBUG=1",
					"$(inherited)",
				);
				INFOPLIST_FILE = USBHerzchirurgieTests/Info.plist;
				LD_RUNPATH_SEARCH_PATHS = "$(inherited) @executable_path/Frameworks @loader_path/Frameworks";
				PRODUCT_NAME = "$(TARGET_NAME)";
				TEST_HOST = "$(BUILT_PRODUCTS_DIR)/USBHerzchirurgie.app/USBHerzchirurgie";
			};
			name = Debug;
		};
		DCCD07171A53372600B11EBB /* Release */ = {
			isa = XCBuildConfiguration;
			buildSettings = {
				BUNDLE_LOADER = "$(TEST_HOST)";
				FRAMEWORK_SEARCH_PATHS = (
					"$(SDKROOT)/Developer/Library/Frameworks",
					"$(inherited)",
				);
				INFOPLIST_FILE = USBHerzchirurgieTests/Info.plist;
				LD_RUNPATH_SEARCH_PATHS = "$(inherited) @executable_path/Frameworks @loader_path/Frameworks";
				PRODUCT_NAME = "$(TARGET_NAME)";
				TEST_HOST = "$(BUILT_PRODUCTS_DIR)/USBHerzchirurgie.app/USBHerzchirurgie";
			};
			name = Release;
		};
/* End XCBuildConfiguration section */

/* Begin XCConfigurationList section */
		DCCD06EB1A53372600B11EBB /* Build configuration list for PBXProject "USBHerzchirurgie" */ = {
			isa = XCConfigurationList;
			buildConfigurations = (
				DCCD07101A53372600B11EBB /* Debug */,
				DCCD07111A53372600B11EBB /* Release */,
			);
			defaultConfigurationIsVisible = 0;
			defaultConfigurationName = Release;
		};
		DCCD07121A53372600B11EBB /* Build configuration list for PBXNativeTarget "USBHerzchirurgie" */ = {
			isa = XCConfigurationList;
			buildConfigurations = (
				DCCD07131A53372600B11EBB /* Debug */,
				DCCD07141A53372600B11EBB /* Release */,
			);
			defaultConfigurationIsVisible = 0;
		};
		DCCD07151A53372600B11EBB /* Build configuration list for PBXNativeTarget "USBHerzchirurgieTests" */ = {
			isa = XCConfigurationList;
			buildConfigurations = (
				DCCD07161A53372600B11EBB /* Debug */,
				DCCD07171A53372600B11EBB /* Release */,
			);
			defaultConfigurationIsVisible = 0;
		};
/* End XCConfigurationList section */

/* Begin XCVersionGroup section */
		DCCD06F71A53372600B11EBB /* USBHerzchirurgie.xcdatamodeld */ = {
			isa = XCVersionGroup;
			children = (
				DCCD06F81A53372600B11EBB /* USBHerzchirurgie.xcdatamodel */,
			);
			currentVersion = DCCD06F81A53372600B11EBB /* USBHerzchirurgie.xcdatamodel */;
			path = USBHerzchirurgie.xcdatamodeld;
			sourceTree = "<group>";
			versionGroupType = wrapper.xcdatamodel;
		};
/* End XCVersionGroup section */
	};
	rootObject = DCCD06E81A53372600B11EBB /* Project object */;
}
